
Microsoft Visual Studio Solution File, Format Version 12.00
# Visual Studio Version 17
VisualStudioVersion = 17.2.32526.322
MinimumVisualStudioVersion = 10.0.40219.1
Project("{2150E333-8FDC-42A3-9474-1A3956D46DE8}") = "Source", "Source", "{68AE5B4B-C52E-4075-BD39-DDD04CC91137}"
EndProject
Project("{2150E333-8FDC-42A3-9474-1A3956D46DE8}") = "Server", "Server", "{6840061C-5511-4DC6-9D20-FF3330DDD51A}"
EndProject
Project("{2150E333-8FDC-42A3-9474-1A3956D46DE8}") = "ApiInteraction", "ApiInteraction", "{51A0CBB5-D305-4C81-8865-73A640172A67}"
EndProject
Project("{2150E333-8FDC-42A3-9474-1A3956D46DE8}") = "Front", "Front", "{95AD45D1-4C8E-4EFB-A979-AB80D9F4EA37}"
EndProject
Project("{9A19103F-16F7-4668-BE54-9A1E7A4F7556}") = "HostData", "Source\Server\HostData\HostData.csproj", "{3878D12E-1DEC-4E71-A041-E285853C2B3A}"
EndProject
Project("{9A19103F-16F7-4668-BE54-9A1E7A4F7556}") = "Api", "Source\ApiInteraction\Api\Api.csproj", "{CE39CB81-5AAD-4E95-B0D3-D8EFD9A1AB4F}"
EndProject
Project("{9A19103F-16F7-4668-BE54-9A1E7A4F7556}") = "Coby", "Source\Front\Coby\Coby.csproj", "{1F32B475-CB46-42E5-989A-15DA6735A253}"
EndProject
Project("{9A19103F-16F7-4668-BE54-9A1E7A4F7556}") = "ASPHost", "Source\Server\ASPHost\ASPHost.csproj", "{23E5505D-516E-4F0D-B263-D1A90C7B7BB2}"
EndProject
Project("{FAE04EC0-301F-11D3-BF4B-00C04F79EFBC}") = "Shared", "Source\ApiInteraction\Shared\Shared.csproj", "{B9B657AA-6E31-4247-A501-05602CA6ABCD}"
EndProject
Global
	GlobalSection(SolutionConfigurationPlatforms) = preSolution
		Debug|Any CPU = Debug|Any CPU
		Release|Any CPU = Release|Any CPU
	EndGlobalSection
	GlobalSection(ProjectConfigurationPlatforms) = postSolution
		{3878D12E-1DEC-4E71-A041-E285853C2B3A}.Debug|Any CPU.ActiveCfg = Debug|Any CPU
		{3878D12E-1DEC-4E71-A041-E285853C2B3A}.Debug|Any CPU.Build.0 = Debug|Any CPU
		{3878D12E-1DEC-4E71-A041-E285853C2B3A}.Release|Any CPU.ActiveCfg = Release|Any CPU
		{3878D12E-1DEC-4E71-A041-E285853C2B3A}.Release|Any CPU.Build.0 = Release|Any CPU
		{CE39CB81-5AAD-4E95-B0D3-D8EFD9A1AB4F}.Debug|Any CPU.ActiveCfg = Debug|Any CPU
		{CE39CB81-5AAD-4E95-B0D3-D8EFD9A1AB4F}.Debug|Any CPU.Build.0 = Debug|Any CPU
		{CE39CB81-5AAD-4E95-B0D3-D8EFD9A1AB4F}.Release|Any CPU.ActiveCfg = Release|Any CPU
		{CE39CB81-5AAD-4E95-B0D3-D8EFD9A1AB4F}.Release|Any CPU.Build.0 = Release|Any CPU
		{1F32B475-CB46-42E5-989A-15DA6735A253}.Debug|Any CPU.ActiveCfg = Debug|Any CPU
		{1F32B475-CB46-42E5-989A-15DA6735A253}.Debug|Any CPU.Build.0 = Debug|Any CPU
		{1F32B475-CB46-42E5-989A-15DA6735A253}.Release|Any CPU.ActiveCfg = Release|Any CPU
		{1F32B475-CB46-42E5-989A-15DA6735A253}.Release|Any CPU.Build.0 = Release|Any CPU
		{23E5505D-516E-4F0D-B263-D1A90C7B7BB2}.Debug|Any CPU.ActiveCfg = Debug|Any CPU
		{23E5505D-516E-4F0D-B263-D1A90C7B7BB2}.Debug|Any CPU.Build.0 = Debug|Any CPU
		{23E5505D-516E-4F0D-B263-D1A90C7B7BB2}.Release|Any CPU.ActiveCfg = Release|Any CPU
		{23E5505D-516E-4F0D-B263-D1A90C7B7BB2}.Release|Any CPU.Build.0 = Release|Any CPU
		{B9B657AA-6E31-4247-A501-05602CA6ABCD}.Debug|Any CPU.ActiveCfg = Debug|Any CPU
		{B9B657AA-6E31-4247-A501-05602CA6ABCD}.Debug|Any CPU.Build.0 = Debug|Any CPU
		{B9B657AA-6E31-4247-A501-05602CA6ABCD}.Release|Any CPU.ActiveCfg = Release|Any CPU
		{B9B657AA-6E31-4247-A501-05602CA6ABCD}.Release|Any CPU.Build.0 = Release|Any CPU
	EndGlobalSection
	GlobalSection(SolutionProperties) = preSolution
		HideSolutionNode = FALSE
	EndGlobalSection
	GlobalSection(NestedProjects) = preSolution
		{6840061C-5511-4DC6-9D20-FF3330DDD51A} = {68AE5B4B-C52E-4075-BD39-DDD04CC91137}
		{51A0CBB5-D305-4C81-8865-73A640172A67} = {68AE5B4B-C52E-4075-BD39-DDD04CC91137}
		{95AD45D1-4C8E-4EFB-A979-AB80D9F4EA37} = {68AE5B4B-C52E-4075-BD39-DDD04CC91137}
		{3878D12E-1DEC-4E71-A041-E285853C2B3A} = {6840061C-5511-4DC6-9D20-FF3330DDD51A}
		{CE39CB81-5AAD-4E95-B0D3-D8EFD9A1AB4F} = {51A0CBB5-D305-4C81-8865-73A640172A67}
		{1F32B475-CB46-42E5-989A-15DA6735A253} = {95AD45D1-4C8E-4EFB-A979-AB80D9F4EA37}
		{23E5505D-516E-4F0D-B263-D1A90C7B7BB2} = {6840061C-5511-4DC6-9D20-FF3330DDD51A}
		{B9B657AA-6E31-4247-A501-05602CA6ABCD} = {51A0CBB5-D305-4C81-8865-73A640172A67}
	EndGlobalSection
	GlobalSection(ExtensibilityGlobals) = postSolution
		SolutionGuid = {6DFB4040-2A5F-4D41-B09B-694450C60E4F}
	EndGlobalSection
EndGlobal
